// !$*UTF8*$!
{
	archiveVersion = 1;
	classes = {
	};
	objectVersion = 46;
	objects = {

/* Begin PBXBuildFile section */
		CB9DCF5B185E848C002B2A89 /* Foundation.framework in Frameworks */ = {isa = PBXBuildFile; fileRef = CB9DCF5A185E848C002B2A89 /* Foundation.framework */; };
		CB9DCF5D185E848C002B2A89 /* CoreGraphics.framework in Frameworks */ = {isa = PBXBuildFile; fileRef = CB9DCF5C185E848C002B2A89 /* CoreGraphics.framework */; };
		CB9DCF5F185E848C002B2A89 /* UIKit.framework in Frameworks */ = {isa = PBXBuildFile; fileRef = CB9DCF5E185E848C002B2A89 /* UIKit.framework */; };
		CB9DCF65185E848C002B2A89 /* InfoPlist.strings in Resources */ = {isa = PBXBuildFile; fileRef = CB9DCF63185E848C002B2A89 /* InfoPlist.strings */; };
		CB9DCF67185E848C002B2A89 /* main.m in Sources */ = {isa = PBXBuildFile; fileRef = CB9DCF66185E848C002B2A89 /* main.m */; };
		CB9DCF6B185E848C002B2A89 /* SDRAppDelegate.m in Sources */ = {isa = PBXBuildFile; fileRef = CB9DCF6A185E848C002B2A89 /* SDRAppDelegate.m */; };
		CB9DCF6E185E848C002B2A89 /* Main.storyboard in Resources */ = {isa = PBXBuildFile; fileRef = CB9DCF6C185E848C002B2A89 /* Main.storyboard */; };
		CB9DCF71185E848C002B2A89 /* SDRMasterViewController.m in Sources */ = {isa = PBXBuildFile; fileRef = CB9DCF70185E848C002B2A89 /* SDRMasterViewController.m */; };
		CB9DCF74185E848C002B2A89 /* SDRDetailViewController.m in Sources */ = {isa = PBXBuildFile; fileRef = CB9DCF73185E848C002B2A89 /* SDRDetailViewController.m */; };
		CB9DCF76185E848C002B2A89 /* Images.xcassets in Resources */ = {isa = PBXBuildFile; fileRef = CB9DCF75185E848C002B2A89 /* Images.xcassets */; };
		CB9DCF7D185E848C002B2A89 /* XCTest.framework in Frameworks */ = {isa = PBXBuildFile; fileRef = CB9DCF7C185E848C002B2A89 /* XCTest.framework */; };
		CB9DCF7E185E848C002B2A89 /* Foundation.framework in Frameworks */ = {isa = PBXBuildFile; fileRef = CB9DCF5A185E848C002B2A89 /* Foundation.framework */; };
		CB9DCF7F185E848C002B2A89 /* UIKit.framework in Frameworks */ = {isa = PBXBuildFile; fileRef = CB9DCF5E185E848C002B2A89 /* UIKit.framework */; };
		CB9DCF87185E848C002B2A89 /* InfoPlist.strings in Resources */ = {isa = PBXBuildFile; fileRef = CB9DCF85185E848C002B2A89 /* InfoPlist.strings */; };
		CB9DCF89185E848C002B2A89 /* BrowseOverflowTests.m in Sources */ = {isa = PBXBuildFile; fileRef = CB9DCF88185E848C002B2A89 /* BrowseOverflowTests.m */; };
		CB9DCF9A185E895C002B2A89 /* SDRTopicTests.m in Sources */ = {isa = PBXBuildFile; fileRef = CB9DCF99185E895C002B2A89 /* SDRTopicTests.m */; };
		CB9DCF9D185E8995002B2A89 /* SDRTopic.m in Sources */ = {isa = PBXBuildFile; fileRef = CB9DCF9C185E8995002B2A89 /* SDRTopic.m */; };
		CB9DCF9E185E8995002B2A89 /* SDRTopic.m in Sources */ = {isa = PBXBuildFile; fileRef = CB9DCF9C185E8995002B2A89 /* SDRTopic.m */; };
/* End PBXBuildFile section */

/* Begin PBXContainerItemProxy section */
		CB9DCF80185E848C002B2A89 /* PBXContainerItemProxy */ = {
			isa = PBXContainerItemProxy;
			containerPortal = CB9DCF4F185E848C002B2A89 /* Project object */;
			proxyType = 1;
			remoteGlobalIDString = CB9DCF56185E848C002B2A89;
			remoteInfo = BrowseOverflow;
		};
/* End PBXContainerItemProxy section */

/* Begin PBXFileReference section */
		CB9DCF57185E848C002B2A89 /* BrowseOverflow.app */ = {isa = PBXFileReference; explicitFileType = wrapper.application; includeInIndex = 0; path = BrowseOverflow.app; sourceTree = BUILT_PRODUCTS_DIR; };
		CB9DCF5A185E848C002B2A89 /* Foundation.framework */ = {isa = PBXFileReference; lastKnownFileType = wrapper.framework; name = Foundation.framework; path = System/Library/Frameworks/Foundation.framework; sourceTree = SDKROOT; };
		CB9DCF5C185E848C002B2A89 /* CoreGraphics.framework */ = {isa = PBXFileReference; lastKnownFileType = wrapper.framework; name = CoreGraphics.framework; path = System/Library/Frameworks/CoreGraphics.framework; sourceTree = SDKROOT; };
		CB9DCF5E185E848C002B2A89 /* UIKit.framework */ = {isa = PBXFileReference; lastKnownFileType = wrapper.framework; name = UIKit.framework; path = System/Library/Frameworks/UIKit.framework; sourceTree = SDKROOT; };
		CB9DCF62185E848C002B2A89 /* BrowseOverflow-Info.plist */ = {isa = PBXFileReference; lastKnownFileType = text.plist.xml; path = "BrowseOverflow-Info.plist"; sourceTree = "<group>"; };
		CB9DCF64185E848C002B2A89 /* en */ = {isa = PBXFileReference; lastKnownFileType = text.plist.strings; name = en; path = en.lproj/InfoPlist.strings; sourceTree = "<group>"; };
		CB9DCF66185E848C002B2A89 /* main.m */ = {isa = PBXFileReference; lastKnownFileType = sourcecode.c.objc; path = main.m; sourceTree = "<group>"; };
		CB9DCF68185E848C002B2A89 /* BrowseOverflow-Prefix.pch */ = {isa = PBXFileReference; lastKnownFileType = sourcecode.c.h; path = "BrowseOverflow-Prefix.pch"; sourceTree = "<group>"; };
		CB9DCF69185E848C002B2A89 /* SDRAppDelegate.h */ = {isa = PBXFileReference; lastKnownFileType = sourcecode.c.h; path = SDRAppDelegate.h; sourceTree = "<group>"; };
		CB9DCF6A185E848C002B2A89 /* SDRAppDelegate.m */ = {isa = PBXFileReference; lastKnownFileType = sourcecode.c.objc; path = SDRAppDelegate.m; sourceTree = "<group>"; };
		CB9DCF6D185E848C002B2A89 /* Base */ = {isa = PBXFileReference; lastKnownFileType = file.storyboard; name = Base; path = Base.lproj/Main.storyboard; sourceTree = "<group>"; };
		CB9DCF6F185E848C002B2A89 /* SDRMasterViewController.h */ = {isa = PBXFileReference; lastKnownFileType = sourcecode.c.h; path = SDRMasterViewController.h; sourceTree = "<group>"; };
		CB9DCF70185E848C002B2A89 /* SDRMasterViewController.m */ = {isa = PBXFileReference; lastKnownFileType = sourcecode.c.objc; path = SDRMasterViewController.m; sourceTree = "<group>"; };
		CB9DCF72185E848C002B2A89 /* SDRDetailViewController.h */ = {isa = PBXFileReference; lastKnownFileType = sourcecode.c.h; path = SDRDetailViewController.h; sourceTree = "<group>"; };
		CB9DCF73185E848C002B2A89 /* SDRDetailViewController.m */ = {isa = PBXFileReference; lastKnownFileType = sourcecode.c.objc; path = SDRDetailViewController.m; sourceTree = "<group>"; };
		CB9DCF75185E848C002B2A89 /* Images.xcassets */ = {isa = PBXFileReference; lastKnownFileType = folder.assetcatalog; path = Images.xcassets; sourceTree = "<group>"; };
		CB9DCF7B185E848C002B2A89 /* BrowseOverflowTests.xctest */ = {isa = PBXFileReference; explicitFileType = wrapper.cfbundle; includeInIndex = 0; path = BrowseOverflowTests.xctest; sourceTree = BUILT_PRODUCTS_DIR; };
		CB9DCF7C185E848C002B2A89 /* XCTest.framework */ = {isa = PBXFileReference; lastKnownFileType = wrapper.framework; name = XCTest.framework; path = Library/Frameworks/XCTest.framework; sourceTree = DEVELOPER_DIR; };
		CB9DCF84185E848C002B2A89 /* BrowseOverflowTests-Info.plist */ = {isa = PBXFileReference; lastKnownFileType = text.plist.xml; path = "BrowseOverflowTests-Info.plist"; sourceTree = "<group>"; };
		CB9DCF86185E848C002B2A89 /* en */ = {isa = PBXFileReference; lastKnownFileType = text.plist.strings; name = en; path = en.lproj/InfoPlist.strings; sourceTree = "<group>"; };
		CB9DCF88185E848C002B2A89 /* BrowseOverflowTests.m */ = {isa = PBXFileReference; lastKnownFileType = sourcecode.c.objc; path = BrowseOverflowTests.m; sourceTree = "<group>"; };
		CB9DCF99185E895C002B2A89 /* SDRTopicTests.m */ = {isa = PBXFileReference; fileEncoding = 4; lastKnownFileType = sourcecode.c.objc; name = SDRTopicTests.m; path = ../SDRTopicTests.m; sourceTree = "<group>"; };
		CB9DCF9B185E8995002B2A89 /* SDRTopic.h */ = {isa = PBXFileReference; fileEncoding = 4; lastKnownFileType = sourcecode.c.h; path = SDRTopic.h; sourceTree = "<group>"; };
		CB9DCF9C185E8995002B2A89 /* SDRTopic.m */ = {isa = PBXFileReference; fileEncoding = 4; lastKnownFileType = sourcecode.c.objc; path = SDRTopic.m; sourceTree = "<group>"; };
/* End PBXFileReference section */

/* Begin PBXFrameworksBuildPhase section */
		CB9DCF54185E848C002B2A89 /* Frameworks */ = {
			isa = PBXFrameworksBuildPhase;
			buildActionMask = 2147483647;
			files = (
				CB9DCF5D185E848C002B2A89 /* CoreGraphics.framework in Frameworks */,
				CB9DCF5F185E848C002B2A89 /* UIKit.framework in Frameworks */,
				CB9DCF5B185E848C002B2A89 /* Foundation.framework in Frameworks */,
			);
			runOnlyForDeploymentPostprocessing = 0;
		};
		CB9DCF78185E848C002B2A89 /* Frameworks */ = {
			isa = PBXFrameworksBuildPhase;
			buildActionMask = 2147483647;
			files = (
				CB9DCF7D185E848C002B2A89 /* XCTest.framework in Frameworks */,
				CB9DCF7F185E848C002B2A89 /* UIKit.framework in Frameworks */,
				CB9DCF7E185E848C002B2A89 /* Foundation.framework in Frameworks */,
			);
			runOnlyForDeploymentPostprocessing = 0;
		};
/* End PBXFrameworksBuildPhase section */

/* Begin PBXGroup section */
		CB9DCF4E185E848C002B2A89 = {
			isa = PBXGroup;
			children = (
				CB9DCF60185E848C002B2A89 /* BrowseOverflow */,
				CB9DCF82185E848C002B2A89 /* BrowseOverflowTests */,
				CB9DCF59185E848C002B2A89 /* Frameworks */,
				CB9DCF58185E848C002B2A89 /* Products */,
			);
			sourceTree = "<group>";
		};
		CB9DCF58185E848C002B2A89 /* Products */ = {
			isa = PBXGroup;
			children = (
				CB9DCF57185E848C002B2A89 /* BrowseOverflow.app */,
				CB9DCF7B185E848C002B2A89 /* BrowseOverflowTests.xctest */,
			);
			name = Products;
			sourceTree = "<group>";
		};
		CB9DCF59185E848C002B2A89 /* Frameworks */ = {
			isa = PBXGroup;
			children = (
				CB9DCF5A185E848C002B2A89 /* Foundation.framework */,
				CB9DCF5C185E848C002B2A89 /* CoreGraphics.framework */,
				CB9DCF5E185E848C002B2A89 /* UIKit.framework */,
				CB9DCF7C185E848C002B2A89 /* XCTest.framework */,
			);
			name = Frameworks;
			sourceTree = "<group>";
		};
		CB9DCF60185E848C002B2A89 /* BrowseOverflow */ = {
			isa = PBXGroup;
			children = (
				CB9DCF9B185E8995002B2A89 /* SDRTopic.h */,
				CB9DCF9C185E8995002B2A89 /* SDRTopic.m */,
				CB9DCF69185E848C002B2A89 /* SDRAppDelegate.h */,
				CB9DCF6A185E848C002B2A89 /* SDRAppDelegate.m */,
				CB9DCF6C185E848C002B2A89 /* Main.storyboard */,
				CB9DCF6F185E848C002B2A89 /* SDRMasterViewController.h */,
				CB9DCF70185E848C002B2A89 /* SDRMasterViewController.m */,
				CB9DCF72185E848C002B2A89 /* SDRDetailViewController.h */,
				CB9DCF73185E848C002B2A89 /* SDRDetailViewController.m */,
				CB9DCF75185E848C002B2A89 /* Images.xcassets */,
				CB9DCF61185E848C002B2A89 /* Supporting Files */,
			);
			path = BrowseOverflow;
			sourceTree = "<group>";
		};
		CB9DCF61185E848C002B2A89 /* Supporting Files */ = {
			isa = PBXGroup;
			children = (
				CB9DCF62185E848C002B2A89 /* BrowseOverflow-Info.plist */,
				CB9DCF63185E848C002B2A89 /* InfoPlist.strings */,
				CB9DCF66185E848C002B2A89 /* main.m */,
				CB9DCF68185E848C002B2A89 /* BrowseOverflow-Prefix.pch */,
			);
			name = "Supporting Files";
			sourceTree = "<group>";
		};
		CB9DCF82185E848C002B2A89 /* BrowseOverflowTests */ = {
			isa = PBXGroup;
			children = (
				CB9DCF99185E895C002B2A89 /* SDRTopicTests.m */,
				CB9DCF88185E848C002B2A89 /* BrowseOverflowTests.m */,
				CB9DCF83185E848C002B2A89 /* Supporting Files */,
			);
			path = BrowseOverflowTests;
			sourceTree = "<group>";
		};
		CB9DCF83185E848C002B2A89 /* Supporting Files */ = {
			isa = PBXGroup;
			children = (
				CB9DCF84185E848C002B2A89 /* BrowseOverflowTests-Info.plist */,
				CB9DCF85185E848C002B2A89 /* InfoPlist.strings */,
			);
			name = "Supporting Files";
			sourceTree = "<group>";
		};
/* End PBXGroup section */

/* Begin PBXNativeTarget section */
		CB9DCF56185E848C002B2A89 /* BrowseOverflow */ = {
			isa = PBXNativeTarget;
			buildConfigurationList = CB9DCF8C185E848C002B2A89 /* Build configuration list for PBXNativeTarget "BrowseOverflow" */;
			buildPhases = (
				CB9DCF53185E848C002B2A89 /* Sources */,
				CB9DCF54185E848C002B2A89 /* Frameworks */,
				CB9DCF55185E848C002B2A89 /* Resources */,
			);
			buildRules = (
			);
			dependencies = (
			);
			name = BrowseOverflow;
			productName = BrowseOverflow;
			productReference = CB9DCF57185E848C002B2A89 /* BrowseOverflow.app */;
			productType = "com.apple.product-type.application";
		};
		CB9DCF7A185E848C002B2A89 /* BrowseOverflowTests */ = {
			isa = PBXNativeTarget;
			buildConfigurationList = CB9DCF8F185E848C002B2A89 /* Build configuration list for PBXNativeTarget "BrowseOverflowTests" */;
			buildPhases = (
				CB9DCF77185E848C002B2A89 /* Sources */,
				CB9DCF78185E848C002B2A89 /* Frameworks */,
				CB9DCF79185E848C002B2A89 /* Resources */,
			);
			buildRules = (
			);
			dependencies = (
				CB9DCF81185E848C002B2A89 /* PBXTargetDependency */,
			);
			name = BrowseOverflowTests;
			productName = BrowseOverflowTests;
			productReference = CB9DCF7B185E848C002B2A89 /* BrowseOverflowTests.xctest */;
			productType = "com.apple.product-type.bundle.unit-test";
		};
/* End PBXNativeTarget section */

/* Begin PBXProject section */
		CB9DCF4F185E848C002B2A89 /* Project object */ = {
			isa = PBXProject;
			attributes = {
				CLASSPREFIX = SDR;
				LastUpgradeCheck = 0500;
				ORGANIZATIONNAME = "Shane Rogers";
				TargetAttributes = {
					CB9DCF7A185E848C002B2A89 = {
						TestTargetID = CB9DCF56185E848C002B2A89;
					};
				};
			};
			buildConfigurationList = CB9DCF52185E848C002B2A89 /* Build configuration list for PBXProject "BrowseOverflow" */;
			compatibilityVersion = "Xcode 3.2";
			developmentRegion = English;
			hasScannedForEncodings = 0;
			knownRegions = (
				en,
				Base,
			);
			mainGroup = CB9DCF4E185E848C002B2A89;
			productRefGroup = CB9DCF58185E848C002B2A89 /* Products */;
			projectDirPath = "";
			projectRoot = "";
			targets = (
				CB9DCF56185E848C002B2A89 /* BrowseOverflow */,
				CB9DCF7A185E848C002B2A89 /* BrowseOverflowTests */,
			);
		};
/* End PBXProject section */

/* Begin PBXResourcesBuildPhase section */
		CB9DCF55185E848C002B2A89 /* Resources */ = {
			isa = PBXResourcesBuildPhase;
			buildActionMask = 2147483647;
			files = (
				CB9DCF76185E848C002B2A89 /* Images.xcassets in Resources */,
				CB9DCF65185E848C002B2A89 /* InfoPlist.strings in Resources */,
				CB9DCF6E185E848C002B2A89 /* Main.storyboard in Resources */,
			);
			runOnlyForDeploymentPostprocessing = 0;
		};
		CB9DCF79185E848C002B2A89 /* Resources */ = {
			isa = PBXResourcesBuildPhase;
			buildActionMask = 2147483647;
			files = (
				CB9DCF87185E848C002B2A89 /* InfoPlist.strings in Resources */,
			);
			runOnlyForDeploymentPostprocessing = 0;
		};
/* End PBXResourcesBuildPhase section */

/* Begin PBXSourcesBuildPhase section */
		CB9DCF53185E848C002B2A89 /* Sources */ = {
			isa = PBXSourcesBuildPhase;
			buildActionMask = 2147483647;
			files = (
				CB9DCF6B185E848C002B2A89 /* SDRAppDelegate.m in Sources */,
				CB9DCF71185E848C002B2A89 /* SDRMasterViewController.m in Sources */,
				CB9DCF67185E848C002B2A89 /* main.m in Sources */,
				CB9DCF74185E848C002B2A89 /* SDRDetailViewController.m in Sources */,
				CB9DCF9D185E8995002B2A89 /* SDRTopic.m in Sources */,
			);
			runOnlyForDeploymentPostprocessing = 0;
		};
		CB9DCF77185E848C002B2A89 /* Sources */ = {
			isa = PBXSourcesBuildPhase;
			buildActionMask = 2147483647;
			files = (
				CB9DCF89185E848C002B2A89 /* BrowseOverflowTests.m in Sources */,
				CB9DCF9A185E895C002B2A89 /* SDRTopicTests.m in Sources */,
				CB9DCF9E185E8995002B2A89 /* SDRTopic.m in Sources */,
			);
			runOnlyForDeploymentPostprocessing = 0;
		};
/* End PBXSourcesBuildPhase section */

/* Begin PBXTargetDependency section */
		CB9DCF81185E848C002B2A89 /* PBXTargetDependency */ = {
			isa = PBXTargetDependency;
			target = CB9DCF56185E848C002B2A89 /* BrowseOverflow */;
			targetProxy = CB9DCF80185E848C002B2A89 /* PBXContainerItemProxy */;
		};
/* End PBXTargetDependency section */

/* Begin PBXVariantGroup section */
		CB9DCF63185E848C002B2A89 /* InfoPlist.strings */ = {
			isa = PBXVariantGroup;
			children = (
				CB9DCF64185E848C002B2A89 /* en */,
			);
			name = InfoPlist.strings;
			sourceTree = "<group>";
		};
		CB9DCF6C185E848C002B2A89 /* Main.storyboard */ = {
			isa = PBXVariantGroup;
			children = (
				CB9DCF6D185E848C002B2A89 /* Base */,
			);
			name = Main.storyboard;
			sourceTree = "<group>";
		};
		CB9DCF85185E848C002B2A89 /* InfoPlist.strings */ = {
			isa = PBXVariantGroup;
			children = (
				CB9DCF86185E848C002B2A89 /* en */,
			);
			name = InfoPlist.strings;
			sourceTree = "<group>";
		};
/* End PBXVariantGroup section */

/* Begin XCBuildConfiguration section */
		CB9DCF8A185E848C002B2A89 /* Debug */ = {
			isa = XCBuildConfiguration;
			buildSettings = {
				ALWAYS_SEARCH_USER_PATHS = NO;
				ARCHS = "$(ARCHS_STANDARD_INCLUDING_64_BIT)";
				CLANG_CXX_LANGUAGE_STANDARD = "gnu++0x";
				CLANG_CXX_LIBRARY = "libc++";
				CLANG_ENABLE_MODULES = YES;
				CLANG_ENABLE_OBJC_ARC = YES;
				CLANG_WARN_BOOL_CONVERSION = YES;
				CLANG_WARN_CONSTANT_CONVERSION = YES;
				CLANG_WARN_DIRECT_OBJC_ISA_USAGE = YES_ERROR;
				CLANG_WARN_EMPTY_BODY = YES;
				CLANG_WARN_ENUM_CONVERSION = YES;
				CLANG_WARN_INT_CONVERSION = YES;
				CLANG_WARN_OBJC_ROOT_CLASS = YES_ERROR;
				CLANG_WARN__DUPLICATE_METHOD_MATCH = YES;
				"CODE_SIGN_IDENTITY[sdk=iphoneos*]" = "iPhone Developer";
				COPY_PHASE_STRIP = NO;
				GCC_C_LANGUAGE_STANDARD = gnu99;
				GCC_DYNAMIC_NO_PIC = NO;
				GCC_OPTIMIZATION_LEVEL = 0;
				GCC_PREPROCESSOR_DEFINITIONS = (
					"DEBUG=1",
					"$(inherited)",
				);
				GCC_SYMBOLS_PRIVATE_EXTERN = NO;
				GCC_WARN_64_TO_32_BIT_CONVERSION = YES;
				GCC_WARN_ABOUT_RETURN_TYPE = YES_ERROR;
				GCC_WARN_UNDECLARED_SELECTOR = YES;
				GCC_WARN_UNINITIALIZED_AUTOS = YES;
				GCC_WARN_UNUSED_FUNCTION = YES;
				GCC_WARN_UNUSED_VARIABLE = YES;
				IPHONEOS_DEPLOYMENT_TARGET = 7.0;
				ONLY_ACTIVE_ARCH = YES;
				SDKROOT = iphoneos;
			};
			name = Debug;
		};
		CB9DCF8B185E848C002B2A89 /* Release */ = {
			isa = XCBuildConfiguration;
			buildSettings = {
				ALWAYS_SEARCH_USER_PATHS = NO;
				ARCHS = "$(ARCHS_STANDARD_INCLUDING_64_BIT)";
				CLANG_CXX_LANGUAGE_STANDARD = "gnu++0x";
				CLANG_CXX_LIBRARY = "libc++";
				CLANG_ENABLE_MODULES = YES;
				CLANG_ENABLE_OBJC_ARC = YES;
				CLANG_WARN_BOOL_CONVERSION = YES;
				CLANG_WARN_CONSTANT_CONVERSION = YES;
				CLANG_WARN_DIRECT_OBJC_ISA_USAGE = YES_ERROR;
				CLANG_WARN_EMPTY_BODY = YES;
				CLANG_WARN_ENUM_CONVERSION = YES;
				CLANG_WARN_INT_CONVERSION = YES;
				CLANG_WARN_OBJC_ROOT_CLASS = YES_ERROR;
				CLANG_WARN__DUPLICATE_METHOD_MATCH = YES;
				"CODE_SIGN_IDENTITY[sdk=iphoneos*]" = "iPhone Developer";
				COPY_PHASE_STRIP = YES;
				ENABLE_NS_ASSERTIONS = NO;
				GCC_C_LANGUAGE_STANDARD = gnu99;
				GCC_WARN_64_TO_32_BIT_CONVERSION = YES;
				GCC_WARN_ABOUT_RETURN_TYPE = YES_ERROR;
				GCC_WARN_UNDECLARED_SELECTOR = YES;
				GCC_WARN_UNINITIALIZED_AUTOS = YES;
				GCC_WARN_UNUSED_FUNCTION = YES;
				GCC_WARN_UNUSED_VARIABLE = YES;
				IPHONEOS_DEPLOYMENT_TARGET = 7.0;
				SDKROOT = iphoneos;
				VALIDATE_PRODUCT = YES;
			};
			name = Release;
		};
		CB9DCF8D185E848C002B2A89 /* Debug */ = {
			isa = XCBuildConfiguration;
			buildSettings = {
				ASSETCATALOG_COMPILER_APPICON_NAME = AppIcon;
				ASSETCATALOG_COMPILER_LAUNCHIMAGE_NAME = LaunchImage;
				GCC_PRECOMPILE_PREFIX_HEADER = YES;
				GCC_PREFIX_HEADER = "BrowseOverflow/BrowseOverflow-Prefix.pch";
				INFOPLIST_FILE = "BrowseOverflow/BrowseOverflow-Info.plist";
				PRODUCT_NAME = "$(TARGET_NAME)";
				WRAPPER_EXTENSION = app;
			};
			name = Debug;
		};
		CB9DCF8E185E848C002B2A89 /* Release */ = {
			isa = XCBuildConfiguration;
			buildSettings = {
				ASSETCATALOG_COMPILER_APPICON_NAME = AppIcon;
				ASSETCATALOG_COMPILER_LAUNCHIMAGE_NAME = LaunchImage;
				GCC_PRECOMPILE_PREFIX_HEADER = YES;
				GCC_PREFIX_HEADER = "BrowseOverflow/BrowseOverflow-Prefix.pch";
				INFOPLIST_FILE = "BrowseOverflow/BrowseOverflow-Info.plist";
				PRODUCT_NAME = "$(TARGET_NAME)";
				WRAPPER_EXTENSION = app;
			};
			name = Release;
		};
		CB9DCF90185E848C002B2A89 /* Debug */ = {
			isa = XCBuildConfiguration;
			buildSettings = {
				ARCHS = "$(ARCHS_STANDARD_INCLUDING_64_BIT)";
				BUNDLE_LOADER = "$(BUILT_PRODUCTS_DIR)/BrowseOverflow.app/BrowseOverflow";
				FRAMEWORK_SEARCH_PATHS = (
					"$(SDKROOT)/Developer/Library/Frameworks",
					"$(inherited)",
					"$(DEVELOPER_FRAMEWORKS_DIR)",
				);
				GCC_PRECOMPILE_PREFIX_HEADER = YES;
				GCC_PREFIX_HEADER = "BrowseOverflow/BrowseOverflow-Prefix.pch";
				GCC_PREPROCESSOR_DEFINITIONS = (
					"DEBUG=1",
					"$(inherited)",
				);
				INFOPLIST_FILE = "BrowseOverflowTests/BrowseOverflowTests-Info.plist";
				PRODUCT_NAME = "$(TARGET_NAME)";
				TEST_HOST = "$(BUNDLE_LOADER)";
				WRAPPER_EXTENSION = xctest;
			};
			name = Debug;
		};
		CB9DCF91185E848C002B2A89 /* Release */ = {
			isa = XCBuildConfiguration;
			buildSettings = {
				ARCHS = "$(ARCHS_STANDARD_INCLUDING_64_BIT)";
				BUNDLE_LOADER = "$(BUILT_PRODUCTS_DIR)/BrowseOverflow.app/BrowseOverflow";
				FRAMEWORK_SEARCH_PATHS = (
					"$(SDKROOT)/Developer/Library/Frameworks",
					"$(inherited)",
					"$(DEVELOPER_FRAMEWORKS_DIR)",
				);
				GCC_PRECOMPILE_PREFIX_HEADER = YES;
				GCC_PREFIX_HEADER = "BrowseOverflow/BrowseOverflow-Prefix.pch";
				INFOPLIST_FILE = "BrowseOverflowTests/BrowseOverflowTests-Info.plist";
				PRODUCT_NAME = "$(TARGET_NAME)";
				TEST_HOST = "$(BUNDLE_LOADER)";
				WRAPPER_EXTENSION = xctest;
			};
			name = Release;
		};
/* End XCBuildConfiguration section */

/* Begin XCConfigurationList section */
		CB9DCF52185E848C002B2A89 /* Build configuration list for PBXProject "BrowseOverflow" */ = {
			isa = XCConfigurationList;
			buildConfigurations = (
				CB9DCF8A185E848C002B2A89 /* Debug */,
				CB9DCF8B185E848C002B2A89 /* Release */,
			);
			defaultConfigurationIsVisible = 0;
			defaultConfigurationName = Release;
		};
		CB9DCF8C185E848C002B2A89 /* Build configuration list for PBXNativeTarget "BrowseOverflow" */ = {
			isa = XCConfigurationList;
			buildConfigurations = (
				CB9DCF8D185E848C002B2A89 /* Debug */,
				CB9DCF8E185E848C002B2A89 /* Release */,
			);
			defaultConfigurationIsVisible = 0;
		};
		CB9DCF8F185E848C002B2A89 /* Build configuration list for PBXNativeTarget "BrowseOverflowTests" */ = {
			isa = XCConfigurationList;
			buildConfigurations = (
				CB9DCF90185E848C002B2A89 /* Debug */,
				CB9DCF91185E848C002B2A89 /* Release */,
			);
			defaultConfigurationIsVisible = 0;
		};
/* End XCConfigurationList section */
	};
	rootObject = CB9DCF4F185E848C002B2A89 /* Project object */;
}
